
Microsoft Visual Studio Solution File, Format Version 12.00
# Visual Studio Version 17
VisualStudioVersion = 17.4.33213.308
MinimumVisualStudioVersion = 10.0.40219.1
Project("{FAE04EC0-301F-11D3-BF4B-00C04F79EFBC}") = "ExpretimetWithControls", "ExpretimetWithControls.csproj", "{4FBC1CB0-B5F4-4895-9124-6DFD5A26118D}"
EndProject
Global
	GlobalSection(SolutionConfigurationPlatforms) = preSolution
		Debug|Any CPU = Debug|Any CPU
		Release|Any CPU = Release|Any CPU
	EndGlobalSection
	GlobalSection(ProjectConfigurationPlatforms) = postSolution
		{4FBC1CB0-B5F4-4895-9124-6DFD5A26118D}.Debug|Any CPU.ActiveCfg = Debug|Any CPU
		{4FBC1CB0-B5F4-4895-9124-6DFD5A26118D}.Debug|Any CPU.Build.0 = Debug|Any CPU
		{4FBC1CB0-B5F4-4895-9124-6DFD5A26118D}.Release|Any CPU.ActiveCfg = Release|Any CPU
		{4FBC1CB0-B5F4-4895-9124-6DFD5A26118D}.Release|Any CPU.Build.0 = Release|Any CPU
	EndGlobalSection
	GlobalSection(SolutionProperties) = preSolution
		HideSolutionNode = FALSE
	EndGlobalSection
	GlobalSection(ExtensibilityGlobals) = postSolution
		SolutionGuid = {9E475487-0581-4BC8-B068-A7E852DE3DD3}
	EndGlobalSection
EndGlobal
