
Microsoft Visual Studio Solution File, Format Version 12.00
# Visual Studio Version 17
VisualStudioVersion = 17.4.33213.308
MinimumVisualStudioVersion = 10.0.40219.1
Project("{FAE04EC0-301F-11D3-BF4B-00C04F79EFBC}") = "DamagerWPF", "DamagerWPF.csproj", "{854CBF15-E2AF-41EB-A54E-C4FEDE535891}"
EndProject
Global
	GlobalSection(SolutionConfigurationPlatforms) = preSolution
		Debug|Any CPU = Debug|Any CPU
		Release|Any CPU = Release|Any CPU
	EndGlobalSection
	GlobalSection(ProjectConfigurationPlatforms) = postSolution
		{854CBF15-E2AF-41EB-A54E-C4FEDE535891}.Debug|Any CPU.ActiveCfg = Debug|Any CPU
		{854CBF15-E2AF-41EB-A54E-C4FEDE535891}.Debug|Any CPU.Build.0 = Debug|Any CPU
		{854CBF15-E2AF-41EB-A54E-C4FEDE535891}.Release|Any CPU.ActiveCfg = Release|Any CPU
		{854CBF15-E2AF-41EB-A54E-C4FEDE535891}.Release|Any CPU.Build.0 = Release|Any CPU
	EndGlobalSection
	GlobalSection(SolutionProperties) = preSolution
		HideSolutionNode = FALSE
	EndGlobalSection
	GlobalSection(ExtensibilityGlobals) = postSolution
		SolutionGuid = {A013E418-A895-4007-8581-415532828E67}
	EndGlobalSection
EndGlobal
