
Microsoft Visual Studio Solution File, Format Version 12.00
# Visual Studio Version 17
VisualStudioVersion = 17.4.33213.308
MinimumVisualStudioVersion = 10.0.40219.1
Project("{FAE04EC0-301F-11D3-BF4B-00C04F79EFBC}") = "SloppyJoe", "SloppyJoe.csproj", "{29A18095-C178-4106-96FF-1F0886D4E17D}"
EndProject
Global
	GlobalSection(SolutionConfigurationPlatforms) = preSolution
		Debug|Any CPU = Debug|Any CPU
		Release|Any CPU = Release|Any CPU
	EndGlobalSection
	GlobalSection(ProjectConfigurationPlatforms) = postSolution
		{29A18095-C178-4106-96FF-1F0886D4E17D}.Debug|Any CPU.ActiveCfg = Debug|Any CPU
		{29A18095-C178-4106-96FF-1F0886D4E17D}.Debug|Any CPU.Build.0 = Debug|Any CPU
		{29A18095-C178-4106-96FF-1F0886D4E17D}.Release|Any CPU.ActiveCfg = Release|Any CPU
		{29A18095-C178-4106-96FF-1F0886D4E17D}.Release|Any CPU.Build.0 = Release|Any CPU
	EndGlobalSection
	GlobalSection(SolutionProperties) = preSolution
		HideSolutionNode = FALSE
	EndGlobalSection
	GlobalSection(ExtensibilityGlobals) = postSolution
		SolutionGuid = {7AACE673-A0DF-4850-B918-14D177B27A34}
	EndGlobalSection
EndGlobal
